
Microsoft Visual Studio Solution File, Format Version 11.00
# Visual Studio 2010
Project("{FAE04EC0-301F-11D3-BF4B-00C04F79EFBC}") = "Assembly-CSharp", "Assembly-CSharp.csproj", "{75B7C00D-CCD7-1079-C60F-1BC0E12DB383}"
EndProject
Project("{FAE04EC0-301F-11D3-BF4B-00C04F79EFBC}") = "Assembly-CSharp-firstpass", "Assembly-CSharp-firstpass.csproj", "{A4EAE29B-1680-DCAE-07BC-ED3675E17C85}"
EndProject
Project("{FAE04EC0-301F-11D3-BF4B-00C04F79EFBC}") = "Assembly-CSharp-Editor-firstpass", "Assembly-CSharp-Editor-firstpass.csproj", "{95DEB739-8242-9978-AC7A-32AA62D3D90C}"
EndProject
Project("{FAE04EC0-301F-11D3-BF4B-00C04F79EFBC}") = "Assembly-CSharp-Editor", "Assembly-CSharp-Editor.csproj", "{AE9EE5FA-5644-AFB4-94A1-714CBE0F1688}"
EndProject
Global
	GlobalSection(SolutionConfigurationPlatforms) = preSolution
		Debug|Any CPU = Debug|Any CPU
		Release|Any CPU = Release|Any CPU
	EndGlobalSection
	GlobalSection(ProjectConfigurationPlatforms) = postSolution
		{75B7C00D-CCD7-1079-C60F-1BC0E12DB383}.Debug|Any CPU.ActiveCfg = Debug|Any CPU
		{75B7C00D-CCD7-1079-C60F-1BC0E12DB383}.Debug|Any CPU.Build.0 = Debug|Any CPU
		{75B7C00D-CCD7-1079-C60F-1BC0E12DB383}.Release|Any CPU.ActiveCfg = Release|Any CPU
		{75B7C00D-CCD7-1079-C60F-1BC0E12DB383}.Release|Any CPU.Build.0 = Release|Any CPU
		{A4EAE29B-1680-DCAE-07BC-ED3675E17C85}.Debug|Any CPU.ActiveCfg = Debug|Any CPU
		{A4EAE29B-1680-DCAE-07BC-ED3675E17C85}.Debug|Any CPU.Build.0 = Debug|Any CPU
		{A4EAE29B-1680-DCAE-07BC-ED3675E17C85}.Release|Any CPU.ActiveCfg = Release|Any CPU
		{A4EAE29B-1680-DCAE-07BC-ED3675E17C85}.Release|Any CPU.Build.0 = Release|Any CPU
		{95DEB739-8242-9978-AC7A-32AA62D3D90C}.Debug|Any CPU.ActiveCfg = Debug|Any CPU
		{95DEB739-8242-9978-AC7A-32AA62D3D90C}.Debug|Any CPU.Build.0 = Debug|Any CPU
		{95DEB739-8242-9978-AC7A-32AA62D3D90C}.Release|Any CPU.ActiveCfg = Release|Any CPU
		{95DEB739-8242-9978-AC7A-32AA62D3D90C}.Release|Any CPU.Build.0 = Release|Any CPU
		{AE9EE5FA-5644-AFB4-94A1-714CBE0F1688}.Debug|Any CPU.ActiveCfg = Debug|Any CPU
		{AE9EE5FA-5644-AFB4-94A1-714CBE0F1688}.Debug|Any CPU.Build.0 = Debug|Any CPU
		{AE9EE5FA-5644-AFB4-94A1-714CBE0F1688}.Release|Any CPU.ActiveCfg = Release|Any CPU
		{AE9EE5FA-5644-AFB4-94A1-714CBE0F1688}.Release|Any CPU.Build.0 = Release|Any CPU
	EndGlobalSection
	GlobalSection(SolutionProperties) = preSolution
		HideSolutionNode = FALSE
	EndGlobalSection
	GlobalSection(MonoDevelopProperties) = preSolution
		StartupItem = Assembly-CSharp.csproj
	EndGlobalSection
EndGlobal
